
Microsoft Visual Studio Solution File, Format Version 12.00
# Visual Studio Version 17
VisualStudioVersion = 17.0.31903.59
MinimumVisualStudioVersion = 10.0.40219.1
Project("{2150E333-8FDC-42A3-9474-1A3956D46DE8}") = "src", "src", "{8B703BF9-B083-41E2-86CD-A6E4D95364DC}"
EndProject
Project("{FAE04EC0-301F-11D3-BF4B-00C04F79EFBC}") = "MacModeRemapper.Core", "src\MacModeRemapper.Core\MacModeRemapper.Core.csproj", "{C2521AA1-CAB5-4941-8BCB-058EDA27B683}"
EndProject
Project("{FAE04EC0-301F-11D3-BF4B-00C04F79EFBC}") = "MacModeRemapper.App", "src\MacModeRemapper.App\MacModeRemapper.App.csproj", "{E7BE002B-D69E-4988-8DB6-FD9AD9987BC2}"
EndProject
Global
	GlobalSection(SolutionConfigurationPlatforms) = preSolution
		Debug|Any CPU = Debug|Any CPU
		Release|Any CPU = Release|Any CPU
	EndGlobalSection
	GlobalSection(SolutionProperties) = preSolution
		HideSolutionNode = FALSE
	EndGlobalSection
	GlobalSection(ProjectConfigurationPlatforms) = postSolution
		{C2521AA1-CAB5-4941-8BCB-058EDA27B683}.Debug|Any CPU.ActiveCfg = Debug|Any CPU
		{C2521AA1-CAB5-4941-8BCB-058EDA27B683}.Debug|Any CPU.Build.0 = Debug|Any CPU
		{C2521AA1-CAB5-4941-8BCB-058EDA27B683}.Release|Any CPU.ActiveCfg = Release|Any CPU
		{C2521AA1-CAB5-4941-8BCB-058EDA27B683}.Release|Any CPU.Build.0 = Release|Any CPU
		{E7BE002B-D69E-4988-8DB6-FD9AD9987BC2}.Debug|Any CPU.ActiveCfg = Debug|Any CPU
		{E7BE002B-D69E-4988-8DB6-FD9AD9987BC2}.Debug|Any CPU.Build.0 = Debug|Any CPU
		{E7BE002B-D69E-4988-8DB6-FD9AD9987BC2}.Release|Any CPU.ActiveCfg = Release|Any CPU
		{E7BE002B-D69E-4988-8DB6-FD9AD9987BC2}.Release|Any CPU.Build.0 = Release|Any CPU
	EndGlobalSection
	GlobalSection(NestedProjects) = preSolution
		{C2521AA1-CAB5-4941-8BCB-058EDA27B683} = {8B703BF9-B083-41E2-86CD-A6E4D95364DC}
		{E7BE002B-D69E-4988-8DB6-FD9AD9987BC2} = {8B703BF9-B083-41E2-86CD-A6E4D95364DC}
	EndGlobalSection
EndGlobal
